// !$*UTF8*$!
{
	archiveVersion = 1;
	classes = {
	};
	objectVersion = 46;
	objects = {

/* Begin PBXBuildFile section */
		1D30E0DA1B6B5BD00016268C /* CustomAnnotation.m in Sources */ = {isa = PBXBuildFile; fileRef = 1D30E0D91B6B5BD00016268C /* CustomAnnotation.m */; };
		1D30E5621B6B6D520016268C /* BaseLogic.m in Sources */ = {isa = PBXBuildFile; fileRef = 1D30E5201B6B6D520016268C /* BaseLogic.m */; };
		1D30E5631B6B6D520016268C /* LogicFilter.m in Sources */ = {isa = PBXBuildFile; fileRef = 1D30E5221B6B6D520016268C /* LogicFilter.m */; };
		1D30E5641B6B6D520016268C /* DummyCache.m in Sources */ = {isa = PBXBuildFile; fileRef = 1D30E5261B6B6D520016268C /* DummyCache.m */; };
		1D30E5651B6B6D520016268C /* LimitedAgeMemoryCache.m in Sources */ = {isa = PBXBuildFile; fileRef = 1D30E5281B6B6D520016268C /* LimitedAgeMemoryCache.m */; };
		1D30E5661B6B6D520016268C /* LimitedAgeUnlimitedDiskCache.m in Sources */ = {isa = PBXBuildFile; fileRef = 1D30E52A1B6B6D520016268C /* LimitedAgeUnlimitedDiskCache.m */; };
		1D30E5671B6B6D520016268C /* UnlimitedDiskCache.m in Sources */ = {isa = PBXBuildFile; fileRef = 1D30E52C1B6B6D520016268C /* UnlimitedDiskCache.m */; };
		1D30E5681B6B6D520016268C /* UnlimitedMemoryCache.m in Sources */ = {isa = PBXBuildFile; fileRef = 1D30E52E1B6B6D520016268C /* UnlimitedMemoryCache.m */; };
		1D30E5691B6B6D520016268C /* BaseGetDetailPOILogic.m in Sources */ = {isa = PBXBuildFile; fileRef = 1D30E5321B6B6D520016268C /* BaseGetDetailPOILogic.m */; };
		1D30E56A1B6B6D520016268C /* BaseGetPOILogic.m in Sources */ = {isa = PBXBuildFile; fileRef = 1D30E5341B6B6D520016268C /* BaseGetPOILogic.m */; };
		1D30E56B1B6B6D520016268C /* GetDetailPOILogic.m in Sources */ = {isa = PBXBuildFile; fileRef = 1D30E5361B6B6D520016268C /* GetDetailPOILogic.m */; };
		1D30E56C1B6B6D520016268C /* GetPOILogic.m in Sources */ = {isa = PBXBuildFile; fileRef = 1D30E5381B6B6D520016268C /* GetPOILogic.m */; };
		1D30E56D1B6B6D520016268C /* MatisEvalHelper.m in Sources */ = {isa = PBXBuildFile; fileRef = 1D30E53A1B6B6D520016268C /* MatisEvalHelper.m */; };
		1D30E56E1B6B6D520016268C /* GetDetailPOIActionTask.m in Sources */ = {isa = PBXBuildFile; fileRef = 1D30E53D1B6B6D520016268C /* GetDetailPOIActionTask.m */; };
		1D30E56F1B6B6D520016268C /* GetPOIActionTask.m in Sources */ = {isa = PBXBuildFile; fileRef = 1D30E53F1B6B6D520016268C /* GetPOIActionTask.m */; };
		1D30E5701B6B6D520016268C /* GetDetailPOIRequestDAO.m in Sources */ = {isa = PBXBuildFile; fileRef = 1D30E5431B6B6D520016268C /* GetDetailPOIRequestDAO.m */; };
		1D30E5711B6B6D520016268C /* GetDetailPOIResponseDAO.m in Sources */ = {isa = PBXBuildFile; fileRef = 1D30E5451B6B6D520016268C /* GetDetailPOIResponseDAO.m */; };
		1D30E5721B6B6D520016268C /* GetPOIDAO.m in Sources */ = {isa = PBXBuildFile; fileRef = 1D30E5471B6B6D520016268C /* GetPOIDAO.m */; };
		1D30E5731B6B6D520016268C /* GetPOIRequestDAO.m in Sources */ = {isa = PBXBuildFile; fileRef = 1D30E5491B6B6D520016268C /* GetPOIRequestDAO.m */; };
		1D30E5741B6B6D520016268C /* GetPOIResponseDAO.m in Sources */ = {isa = PBXBuildFile; fileRef = 1D30E54B1B6B6D520016268C /* GetPOIResponseDAO.m */; };
		1D30E5751B6B6D520016268C /* BaseGetDetailPOIRequestDTO.m in Sources */ = {isa = PBXBuildFile; fileRef = 1D30E54F1B6B6D520016268C /* BaseGetDetailPOIRequestDTO.m */; };
		1D30E5761B6B6D520016268C /* BaseGetDetailPOIResponseDTO.m in Sources */ = {isa = PBXBuildFile; fileRef = 1D30E5511B6B6D520016268C /* BaseGetDetailPOIResponseDTO.m */; };
		1D30E5771B6B6D520016268C /* BaseGetPOIDTO.m in Sources */ = {isa = PBXBuildFile; fileRef = 1D30E5531B6B6D520016268C /* BaseGetPOIDTO.m */; };
		1D30E5781B6B6D520016268C /* BaseGetPOIRequestDTO.m in Sources */ = {isa = PBXBuildFile; fileRef = 1D30E5551B6B6D520016268C /* BaseGetPOIRequestDTO.m */; };
		1D30E5791B6B6D520016268C /* BaseGetPOIResponseDTO.m in Sources */ = {isa = PBXBuildFile; fileRef = 1D30E5571B6B6D520016268C /* BaseGetPOIResponseDTO.m */; };
		1D30E57A1B6B6D520016268C /* GetDetailPOIRequestDTO.m in Sources */ = {isa = PBXBuildFile; fileRef = 1D30E5591B6B6D520016268C /* GetDetailPOIRequestDTO.m */; };
		1D30E57B1B6B6D520016268C /* GetDetailPOIResponseDTO.m in Sources */ = {isa = PBXBuildFile; fileRef = 1D30E55B1B6B6D520016268C /* GetDetailPOIResponseDTO.m */; };
		1D30E57C1B6B6D520016268C /* GetPOIDTO.m in Sources */ = {isa = PBXBuildFile; fileRef = 1D30E55D1B6B6D520016268C /* GetPOIDTO.m */; };
		1D30E57D1B6B6D520016268C /* GetPOIRequestDTO.m in Sources */ = {isa = PBXBuildFile; fileRef = 1D30E55F1B6B6D520016268C /* GetPOIRequestDTO.m */; };
		1D30E57E1B6B6D520016268C /* GetPOIResponseDTO.m in Sources */ = {isa = PBXBuildFile; fileRef = 1D30E5611B6B6D520016268C /* GetPOIResponseDTO.m */; };
		333B60811B6A7F87003D5475 /* main.m in Sources */ = {isa = PBXBuildFile; fileRef = 333B60801B6A7F87003D5475 /* main.m */; };
		333B60841B6A7F87003D5475 /* AppDelegate.m in Sources */ = {isa = PBXBuildFile; fileRef = 333B60831B6A7F87003D5475 /* AppDelegate.m */; };
		333B608A1B6A7F87003D5475 /* Main.storyboard in Resources */ = {isa = PBXBuildFile; fileRef = 333B60881B6A7F87003D5475 /* Main.storyboard */; };
		333B608C1B6A7F87003D5475 /* Images.xcassets in Resources */ = {isa = PBXBuildFile; fileRef = 333B608B1B6A7F87003D5475 /* Images.xcassets */; };
		333B608F1B6A7F87003D5475 /* LaunchScreen.xib in Resources */ = {isa = PBXBuildFile; fileRef = 333B608D1B6A7F87003D5475 /* LaunchScreen.xib */; };
		333B609B1B6A7F87003D5475 /* MatisEvalTests.m in Sources */ = {isa = PBXBuildFile; fileRef = 333B609A1B6A7F87003D5475 /* MatisEvalTests.m */; };
		333B60A61B6A817C003D5475 /* Matis.xml in Resources */ = {isa = PBXBuildFile; fileRef = 333B60A51B6A817C003D5475 /* Matis.xml */; };
		333B60F41B6A8395003D5475 /* PoiDTO.m in Sources */ = {isa = PBXBuildFile; fileRef = 333B60F31B6A8395003D5475 /* PoiDTO.m */; };
		333B618F1B6A88DC003D5475 /* MTMainController.m in Sources */ = {isa = PBXBuildFile; fileRef = 333B618D1B6A88DC003D5475 /* MTMainController.m */; };
		333B61901B6A88DC003D5475 /* MTMainController.xib in Resources */ = {isa = PBXBuildFile; fileRef = 333B618E1B6A88DC003D5475 /* MTMainController.xib */; };
		333B63841B6A97F8003D5475 /* UIColor+MyColor.m in Sources */ = {isa = PBXBuildFile; fileRef = 333B63831B6A97F8003D5475 /* UIColor+MyColor.m */; };
		333B638B1B6A9979003D5475 /* MTMapController.m in Sources */ = {isa = PBXBuildFile; fileRef = 333B63891B6A9979003D5475 /* MTMapController.m */; };
		333B638C1B6A9979003D5475 /* MTMapController.xib in Resources */ = {isa = PBXBuildFile; fileRef = 333B638A1B6A9979003D5475 /* MTMapController.xib */; };
		333B63901B6A9989003D5475 /* MTListController.m in Sources */ = {isa = PBXBuildFile; fileRef = 333B638E1B6A9989003D5475 /* MTListController.m */; };
		333B63911B6A9989003D5475 /* MTListController.xib in Resources */ = {isa = PBXBuildFile; fileRef = 333B638F1B6A9989003D5475 /* MTListController.xib */; };
		333B63951B6A999A003D5475 /* MTDetailController.m in Sources */ = {isa = PBXBuildFile; fileRef = 333B63931B6A999A003D5475 /* MTDetailController.m */; };
		333B63961B6A999A003D5475 /* MTDetailController.xib in Resources */ = {isa = PBXBuildFile; fileRef = 333B63941B6A999A003D5475 /* MTDetailController.xib */; };
		333B63981B6A99D1003D5475 /* MapKit.framework in Frameworks */ = {isa = PBXBuildFile; fileRef = 333B63971B6A99D1003D5475 /* MapKit.framework */; };
		333B64001B6A9C2B003D5475 /* CustomCell.m in Sources */ = {isa = PBXBuildFile; fileRef = 333B63FE1B6A9C2B003D5475 /* CustomCell.m */; };
		333B64011B6A9C2B003D5475 /* CustomCell.xib in Resources */ = {isa = PBXBuildFile; fileRef = 333B63FF1B6A9C2B003D5475 /* CustomCell.xib */; };
		99A7B52048D015BA9BB68FFC /* libPods.a in Frameworks */ = {isa = PBXBuildFile; fileRef = 5160FB586796B0C599E150FC /* libPods.a */; };
/* End PBXBuildFile section */

/* Begin PBXContainerItemProxy section */
		333B60951B6A7F87003D5475 /* PBXContainerItemProxy */ = {
			isa = PBXContainerItemProxy;
			containerPortal = 333B60731B6A7F87003D5475 /* Project object */;
			proxyType = 1;
			remoteGlobalIDString = 333B607A1B6A7F87003D5475;
			remoteInfo = MatisEval;
		};
/* End PBXContainerItemProxy section */

/* Begin PBXFileReference section */
		1D30E0D81B6B5BD00016268C /* CustomAnnotation.h */ = {isa = PBXFileReference; fileEncoding = 4; lastKnownFileType = sourcecode.c.h; path = CustomAnnotation.h; sourceTree = "<group>"; };
		1D30E0D91B6B5BD00016268C /* CustomAnnotation.m */ = {isa = PBXFileReference; fileEncoding = 4; lastKnownFileType = sourcecode.c.objc; path = CustomAnnotation.m; sourceTree = "<group>"; };
		1D30E51F1B6B6D520016268C /* BaseLogic.h */ = {isa = PBXFileReference; fileEncoding = 4; lastKnownFileType = sourcecode.c.h; path = BaseLogic.h; sourceTree = "<group>"; };
		1D30E5201B6B6D520016268C /* BaseLogic.m */ = {isa = PBXFileReference; fileEncoding = 4; lastKnownFileType = sourcecode.c.objc; path = BaseLogic.m; sourceTree = "<group>"; };
		1D30E5211B6B6D520016268C /* LogicFilter.h */ = {isa = PBXFileReference; fileEncoding = 4; lastKnownFileType = sourcecode.c.h; path = LogicFilter.h; sourceTree = "<group>"; };
		1D30E5221B6B6D520016268C /* LogicFilter.m */ = {isa = PBXFileReference; fileEncoding = 4; lastKnownFileType = sourcecode.c.objc; path = LogicFilter.m; sourceTree = "<group>"; };
		1D30E5241B6B6D520016268C /* Cache.h */ = {isa = PBXFileReference; fileEncoding = 4; lastKnownFileType = sourcecode.c.h; path = Cache.h; sourceTree = "<group>"; };
		1D30E5251B6B6D520016268C /* DummyCache.h */ = {isa = PBXFileReference; fileEncoding = 4; lastKnownFileType = sourcecode.c.h; path = DummyCache.h; sourceTree = "<group>"; };
		1D30E5261B6B6D520016268C /* DummyCache.m */ = {isa = PBXFileReference; fileEncoding = 4; lastKnownFileType = sourcecode.c.objc; path = DummyCache.m; sourceTree = "<group>"; };
		1D30E5271B6B6D520016268C /* LimitedAgeMemoryCache.h */ = {isa = PBXFileReference; fileEncoding = 4; lastKnownFileType = sourcecode.c.h; path = LimitedAgeMemoryCache.h; sourceTree = "<group>"; };
		1D30E5281B6B6D520016268C /* LimitedAgeMemoryCache.m */ = {isa = PBXFileReference; fileEncoding = 4; lastKnownFileType = sourcecode.c.objc; path = LimitedAgeMemoryCache.m; sourceTree = "<group>"; };
		1D30E5291B6B6D520016268C /* LimitedAgeUnlimitedDiskCache.h */ = {isa = PBXFileReference; fileEncoding = 4; lastKnownFileType = sourcecode.c.h; path = LimitedAgeUnlimitedDiskCache.h; sourceTree = "<group>"; };
		1D30E52A1B6B6D520016268C /* LimitedAgeUnlimitedDiskCache.m */ = {isa = PBXFileReference; fileEncoding = 4; lastKnownFileType = sourcecode.c.objc; path = LimitedAgeUnlimitedDiskCache.m; sourceTree = "<group>"; };
		1D30E52B1B6B6D520016268C /* UnlimitedDiskCache.h */ = {isa = PBXFileReference; fileEncoding = 4; lastKnownFileType = sourcecode.c.h; path = UnlimitedDiskCache.h; sourceTree = "<group>"; };
		1D30E52C1B6B6D520016268C /* UnlimitedDiskCache.m */ = {isa = PBXFileReference; fileEncoding = 4; lastKnownFileType = sourcecode.c.objc; path = UnlimitedDiskCache.m; sourceTree = "<group>"; };
		1D30E52D1B6B6D520016268C /* UnlimitedMemoryCache.h */ = {isa = PBXFileReference; fileEncoding = 4; lastKnownFileType = sourcecode.c.h; path = UnlimitedMemoryCache.h; sourceTree = "<group>"; };
		1D30E52E1B6B6D520016268C /* UnlimitedMemoryCache.m */ = {isa = PBXFileReference; fileEncoding = 4; lastKnownFileType = sourcecode.c.objc; path = UnlimitedMemoryCache.m; sourceTree = "<group>"; };
		1D30E5311B6B6D520016268C /* BaseGetDetailPOILogic.h */ = {isa = PBXFileReference; fileEncoding = 4; lastKnownFileType = sourcecode.c.h; path = BaseGetDetailPOILogic.h; sourceTree = "<group>"; };
		1D30E5321B6B6D520016268C /* BaseGetDetailPOILogic.m */ = {isa = PBXFileReference; fileEncoding = 4; lastKnownFileType = sourcecode.c.objc; path = BaseGetDetailPOILogic.m; sourceTree = "<group>"; };
		1D30E5331B6B6D520016268C /* BaseGetPOILogic.h */ = {isa = PBXFileReference; fileEncoding = 4; lastKnownFileType = sourcecode.c.h; path = BaseGetPOILogic.h; sourceTree = "<group>"; };
		1D30E5341B6B6D520016268C /* BaseGetPOILogic.m */ = {isa = PBXFileReference; fileEncoding = 4; lastKnownFileType = sourcecode.c.objc; path = BaseGetPOILogic.m; sourceTree = "<group>"; };
		1D30E5351B6B6D520016268C /* GetDetailPOILogic.h */ = {isa = PBXFileReference; fileEncoding = 4; lastKnownFileType = sourcecode.c.h; path = GetDetailPOILogic.h; sourceTree = "<group>"; };
		1D30E5361B6B6D520016268C /* GetDetailPOILogic.m */ = {isa = PBXFileReference; fileEncoding = 4; lastKnownFileType = sourcecode.c.objc; path = GetDetailPOILogic.m; sourceTree = "<group>"; };
		1D30E5371B6B6D520016268C /* GetPOILogic.h */ = {isa = PBXFileReference; fileEncoding = 4; lastKnownFileType = sourcecode.c.h; path = GetPOILogic.h; sourceTree = "<group>"; };
		1D30E5381B6B6D520016268C /* GetPOILogic.m */ = {isa = PBXFileReference; fileEncoding = 4; lastKnownFileType = sourcecode.c.objc; path = GetPOILogic.m; sourceTree = "<group>"; };
		1D30E5391B6B6D520016268C /* MatisEvalHelper.h */ = {isa = PBXFileReference; fileEncoding = 4; lastKnownFileType = sourcecode.c.h; path = MatisEvalHelper.h; sourceTree = "<group>"; };
		1D30E53A1B6B6D520016268C /* MatisEvalHelper.m */ = {isa = PBXFileReference; fileEncoding = 4; lastKnownFileType = sourcecode.c.objc; path = MatisEvalHelper.m; sourceTree = "<group>"; };
		1D30E53C1B6B6D520016268C /* GetDetailPOIActionTask.h */ = {isa = PBXFileReference; fileEncoding = 4; lastKnownFileType = sourcecode.c.h; path = GetDetailPOIActionTask.h; sourceTree = "<group>"; };
		1D30E53D1B6B6D520016268C /* GetDetailPOIActionTask.m */ = {isa = PBXFileReference; fileEncoding = 4; lastKnownFileType = sourcecode.c.objc; path = GetDetailPOIActionTask.m; sourceTree = "<group>"; };
		1D30E53E1B6B6D520016268C /* GetPOIActionTask.h */ = {isa = PBXFileReference; fileEncoding = 4; lastKnownFileType = sourcecode.c.h; path = GetPOIActionTask.h; sourceTree = "<group>"; };
		1D30E53F1B6B6D520016268C /* GetPOIActionTask.m */ = {isa = PBXFileReference; fileEncoding = 4; lastKnownFileType = sourcecode.c.objc; path = GetPOIActionTask.m; sourceTree = "<group>"; };
		1D30E5421B6B6D520016268C /* GetDetailPOIRequestDAO.h */ = {isa = PBXFileReference; fileEncoding = 4; lastKnownFileType = sourcecode.c.h; path = GetDetailPOIRequestDAO.h; sourceTree = "<group>"; };
		1D30E5431B6B6D520016268C /* GetDetailPOIRequestDAO.m */ = {isa = PBXFileReference; fileEncoding = 4; lastKnownFileType = sourcecode.c.objc; path = GetDetailPOIRequestDAO.m; sourceTree = "<group>"; };
		1D30E5441B6B6D520016268C /* GetDetailPOIResponseDAO.h */ = {isa = PBXFileReference; fileEncoding = 4; lastKnownFileType = sourcecode.c.h; path = GetDetailPOIResponseDAO.h; sourceTree = "<group>"; };
		1D30E5451B6B6D520016268C /* GetDetailPOIResponseDAO.m */ = {isa = PBXFileReference; fileEncoding = 4; lastKnownFileType = sourcecode.c.objc; path = GetDetailPOIResponseDAO.m; sourceTree = "<group>"; };
		1D30E5461B6B6D520016268C /* GetPOIDAO.h */ = {isa = PBXFileReference; fileEncoding = 4; lastKnownFileType = sourcecode.c.h; path = GetPOIDAO.h; sourceTree = "<group>"; };
		1D30E5471B6B6D520016268C /* GetPOIDAO.m */ = {isa = PBXFileReference; fileEncoding = 4; lastKnownFileType = sourcecode.c.objc; path = GetPOIDAO.m; sourceTree = "<group>"; };
		1D30E5481B6B6D520016268C /* GetPOIRequestDAO.h */ = {isa = PBXFileReference; fileEncoding = 4; lastKnownFileType = sourcecode.c.h; path = GetPOIRequestDAO.h; sourceTree = "<group>"; };
		1D30E5491B6B6D520016268C /* GetPOIRequestDAO.m */ = {isa = PBXFileReference; fileEncoding = 4; lastKnownFileType = sourcecode.c.objc; path = GetPOIRequestDAO.m; sourceTree = "<group>"; };
		1D30E54A1B6B6D520016268C /* GetPOIResponseDAO.h */ = {isa = PBXFileReference; fileEncoding = 4; lastKnownFileType = sourcecode.c.h; path = GetPOIResponseDAO.h; sourceTree = "<group>"; };
		1D30E54B1B6B6D520016268C /* GetPOIResponseDAO.m */ = {isa = PBXFileReference; fileEncoding = 4; lastKnownFileType = sourcecode.c.objc; path = GetPOIResponseDAO.m; sourceTree = "<group>"; };
		1D30E54E1B6B6D520016268C /* BaseGetDetailPOIRequestDTO.h */ = {isa = PBXFileReference; fileEncoding = 4; lastKnownFileType = sourcecode.c.h; path = BaseGetDetailPOIRequestDTO.h; sourceTree = "<group>"; };
		1D30E54F1B6B6D520016268C /* BaseGetDetailPOIRequestDTO.m */ = {isa = PBXFileReference; fileEncoding = 4; lastKnownFileType = sourcecode.c.objc; path = BaseGetDetailPOIRequestDTO.m; sourceTree = "<group>"; };
		1D30E5501B6B6D520016268C /* BaseGetDetailPOIResponseDTO.h */ = {isa = PBXFileReference; fileEncoding = 4; lastKnownFileType = sourcecode.c.h; path = BaseGetDetailPOIResponseDTO.h; sourceTree = "<group>"; };
		1D30E5511B6B6D520016268C /* BaseGetDetailPOIResponseDTO.m */ = {isa = PBXFileReference; fileEncoding = 4; lastKnownFileType = sourcecode.c.objc; path = BaseGetDetailPOIResponseDTO.m; sourceTree = "<group>"; };
		1D30E5521B6B6D520016268C /* BaseGetPOIDTO.h */ = {isa = PBXFileReference; fileEncoding = 4; lastKnownFileType = sourcecode.c.h; path = BaseGetPOIDTO.h; sourceTree = "<group>"; };
		1D30E5531B6B6D520016268C /* BaseGetPOIDTO.m */ = {isa = PBXFileReference; fileEncoding = 4; lastKnownFileType = sourcecode.c.objc; path = BaseGetPOIDTO.m; sourceTree = "<group>"; };
		1D30E5541B6B6D520016268C /* BaseGetPOIRequestDTO.h */ = {isa = PBXFileReference; fileEncoding = 4; lastKnownFileType = sourcecode.c.h; path = BaseGetPOIRequestDTO.h; sourceTree = "<group>"; };
		1D30E5551B6B6D520016268C /* BaseGetPOIRequestDTO.m */ = {isa = PBXFileReference; fileEncoding = 4; lastKnownFileType = sourcecode.c.objc; path = BaseGetPOIRequestDTO.m; sourceTree = "<group>"; };
		1D30E5561B6B6D520016268C /* BaseGetPOIResponseDTO.h */ = {isa = PBXFileReference; fileEncoding = 4; lastKnownFileType = sourcecode.c.h; path = BaseGetPOIResponseDTO.h; sourceTree = "<group>"; };
		1D30E5571B6B6D520016268C /* BaseGetPOIResponseDTO.m */ = {isa = PBXFileReference; fileEncoding = 4; lastKnownFileType = sourcecode.c.objc; path = BaseGetPOIResponseDTO.m; sourceTree = "<group>"; };
		1D30E5581B6B6D520016268C /* GetDetailPOIRequestDTO.h */ = {isa = PBXFileReference; fileEncoding = 4; lastKnownFileType = sourcecode.c.h; path = GetDetailPOIRequestDTO.h; sourceTree = "<group>"; };
		1D30E5591B6B6D520016268C /* GetDetailPOIRequestDTO.m */ = {isa = PBXFileReference; fileEncoding = 4; lastKnownFileType = sourcecode.c.objc; path = GetDetailPOIRequestDTO.m; sourceTree = "<group>"; };
		1D30E55A1B6B6D520016268C /* GetDetailPOIResponseDTO.h */ = {isa = PBXFileReference; fileEncoding = 4; lastKnownFileType = sourcecode.c.h; path = GetDetailPOIResponseDTO.h; sourceTree = "<group>"; };
		1D30E55B1B6B6D520016268C /* GetDetailPOIResponseDTO.m */ = {isa = PBXFileReference; fileEncoding = 4; lastKnownFileType = sourcecode.c.objc; path = GetDetailPOIResponseDTO.m; sourceTree = "<group>"; };
		1D30E55C1B6B6D520016268C /* GetPOIDTO.h */ = {isa = PBXFileReference; fileEncoding = 4; lastKnownFileType = sourcecode.c.h; path = GetPOIDTO.h; sourceTree = "<group>"; };
		1D30E55D1B6B6D520016268C /* GetPOIDTO.m */ = {isa = PBXFileReference; fileEncoding = 4; lastKnownFileType = sourcecode.c.objc; path = GetPOIDTO.m; sourceTree = "<group>"; };
		1D30E55E1B6B6D520016268C /* GetPOIRequestDTO.h */ = {isa = PBXFileReference; fileEncoding = 4; lastKnownFileType = sourcecode.c.h; path = GetPOIRequestDTO.h; sourceTree = "<group>"; };
		1D30E55F1B6B6D520016268C /* GetPOIRequestDTO.m */ = {isa = PBXFileReference; fileEncoding = 4; lastKnownFileType = sourcecode.c.objc; path = GetPOIRequestDTO.m; sourceTree = "<group>"; };
		1D30E5601B6B6D520016268C /* GetPOIResponseDTO.h */ = {isa = PBXFileReference; fileEncoding = 4; lastKnownFileType = sourcecode.c.h; path = GetPOIResponseDTO.h; sourceTree = "<group>"; };
		1D30E5611B6B6D520016268C /* GetPOIResponseDTO.m */ = {isa = PBXFileReference; fileEncoding = 4; lastKnownFileType = sourcecode.c.objc; path = GetPOIResponseDTO.m; sourceTree = "<group>"; };
		333B607B1B6A7F87003D5475 /* MatisEval.app */ = {isa = PBXFileReference; explicitFileType = wrapper.application; includeInIndex = 0; path = MatisEval.app; sourceTree = BUILT_PRODUCTS_DIR; };
		333B607F1B6A7F87003D5475 /* Info.plist */ = {isa = PBXFileReference; lastKnownFileType = text.plist.xml; path = Info.plist; sourceTree = "<group>"; };
		333B60801B6A7F87003D5475 /* main.m */ = {isa = PBXFileReference; lastKnownFileType = sourcecode.c.objc; path = main.m; sourceTree = "<group>"; };
		333B60821B6A7F87003D5475 /* AppDelegate.h */ = {isa = PBXFileReference; lastKnownFileType = sourcecode.c.h; path = AppDelegate.h; sourceTree = "<group>"; };
		333B60831B6A7F87003D5475 /* AppDelegate.m */ = {isa = PBXFileReference; lastKnownFileType = sourcecode.c.objc; path = AppDelegate.m; sourceTree = "<group>"; };
		333B60891B6A7F87003D5475 /* Base */ = {isa = PBXFileReference; lastKnownFileType = file.storyboard; name = Base; path = Base.lproj/Main.storyboard; sourceTree = "<group>"; };
		333B608B1B6A7F87003D5475 /* Images.xcassets */ = {isa = PBXFileReference; lastKnownFileType = folder.assetcatalog; path = Images.xcassets; sourceTree = "<group>"; };
		333B608E1B6A7F87003D5475 /* Base */ = {isa = PBXFileReference; lastKnownFileType = file.xib; name = Base; path = Base.lproj/LaunchScreen.xib; sourceTree = "<group>"; };
		333B60941B6A7F87003D5475 /* MatisEvalTests.xctest */ = {isa = PBXFileReference; explicitFileType = wrapper.cfbundle; includeInIndex = 0; path = MatisEvalTests.xctest; sourceTree = BUILT_PRODUCTS_DIR; };
		333B60991B6A7F87003D5475 /* Info.plist */ = {isa = PBXFileReference; lastKnownFileType = text.plist.xml; path = Info.plist; sourceTree = "<group>"; };
		333B609A1B6A7F87003D5475 /* MatisEvalTests.m */ = {isa = PBXFileReference; lastKnownFileType = sourcecode.c.objc; path = MatisEvalTests.m; sourceTree = "<group>"; };
		333B60A51B6A817C003D5475 /* Matis.xml */ = {isa = PBXFileReference; fileEncoding = 4; lastKnownFileType = text.xml; path = Matis.xml; sourceTree = "<group>"; };
		333B60F01B6A82E8003D5475 /* GenDefines.h */ = {isa = PBXFileReference; fileEncoding = 4; lastKnownFileType = sourcecode.c.h; path = GenDefines.h; sourceTree = "<group>"; };
		333B60F21B6A8395003D5475 /* PoiDTO.h */ = {isa = PBXFileReference; fileEncoding = 4; lastKnownFileType = sourcecode.c.h; path = PoiDTO.h; sourceTree = "<group>"; };
		333B60F31B6A8395003D5475 /* PoiDTO.m */ = {isa = PBXFileReference; fileEncoding = 4; lastKnownFileType = sourcecode.c.objc; path = PoiDTO.m; sourceTree = "<group>"; };
		333B618C1B6A88DC003D5475 /* MTMainController.h */ = {isa = PBXFileReference; fileEncoding = 4; lastKnownFileType = sourcecode.c.h; path = MTMainController.h; sourceTree = "<group>"; };
		333B618D1B6A88DC003D5475 /* MTMainController.m */ = {isa = PBXFileReference; fileEncoding = 4; lastKnownFileType = sourcecode.c.objc; path = MTMainController.m; sourceTree = "<group>"; };
		333B618E1B6A88DC003D5475 /* MTMainController.xib */ = {isa = PBXFileReference; fileEncoding = 4; lastKnownFileType = file.xib; path = MTMainController.xib; sourceTree = "<group>"; };
		333B63821B6A97F8003D5475 /* UIColor+MyColor.h */ = {isa = PBXFileReference; fileEncoding = 4; lastKnownFileType = sourcecode.c.h; path = "UIColor+MyColor.h"; sourceTree = "<group>"; };
		333B63831B6A97F8003D5475 /* UIColor+MyColor.m */ = {isa = PBXFileReference; fileEncoding = 4; lastKnownFileType = sourcecode.c.objc; path = "UIColor+MyColor.m"; sourceTree = "<group>"; };
		333B63881B6A9979003D5475 /* MTMapController.h */ = {isa = PBXFileReference; fileEncoding = 4; lastKnownFileType = sourcecode.c.h; path = MTMapController.h; sourceTree = "<group>"; };
		333B63891B6A9979003D5475 /* MTMapController.m */ = {isa = PBXFileReference; fileEncoding = 4; lastKnownFileType = sourcecode.c.objc; path = MTMapController.m; sourceTree = "<group>"; };
		333B638A1B6A9979003D5475 /* MTMapController.xib */ = {isa = PBXFileReference; fileEncoding = 4; lastKnownFileType = file.xib; path = MTMapController.xib; sourceTree = "<group>"; };
		333B638D1B6A9989003D5475 /* MTListController.h */ = {isa = PBXFileReference; fileEncoding = 4; lastKnownFileType = sourcecode.c.h; path = MTListController.h; sourceTree = "<group>"; };
		333B638E1B6A9989003D5475 /* MTListController.m */ = {isa = PBXFileReference; fileEncoding = 4; lastKnownFileType = sourcecode.c.objc; path = MTListController.m; sourceTree = "<group>"; };
		333B638F1B6A9989003D5475 /* MTListController.xib */ = {isa = PBXFileReference; fileEncoding = 4; lastKnownFileType = file.xib; path = MTListController.xib; sourceTree = "<group>"; };
		333B63921B6A999A003D5475 /* MTDetailController.h */ = {isa = PBXFileReference; fileEncoding = 4; lastKnownFileType = sourcecode.c.h; path = MTDetailController.h; sourceTree = "<group>"; };
		333B63931B6A999A003D5475 /* MTDetailController.m */ = {isa = PBXFileReference; fileEncoding = 4; lastKnownFileType = sourcecode.c.objc; path = MTDetailController.m; sourceTree = "<group>"; };
		333B63941B6A999A003D5475 /* MTDetailController.xib */ = {isa = PBXFileReference; fileEncoding = 4; lastKnownFileType = file.xib; path = MTDetailController.xib; sourceTree = "<group>"; };
		333B63971B6A99D1003D5475 /* MapKit.framework */ = {isa = PBXFileReference; lastKnownFileType = wrapper.framework; name = MapKit.framework; path = System/Library/Frameworks/MapKit.framework; sourceTree = SDKROOT; };
		333B63FD1B6A9C2B003D5475 /* CustomCell.h */ = {isa = PBXFileReference; fileEncoding = 4; lastKnownFileType = sourcecode.c.h; path = CustomCell.h; sourceTree = "<group>"; };
		333B63FE1B6A9C2B003D5475 /* CustomCell.m */ = {isa = PBXFileReference; fileEncoding = 4; lastKnownFileType = sourcecode.c.objc; path = CustomCell.m; sourceTree = "<group>"; };
		333B63FF1B6A9C2B003D5475 /* CustomCell.xib */ = {isa = PBXFileReference; fileEncoding = 4; lastKnownFileType = file.xib; path = CustomCell.xib; sourceTree = "<group>"; };
		5160FB586796B0C599E150FC /* libPods.a */ = {isa = PBXFileReference; explicitFileType = archive.ar; includeInIndex = 0; path = libPods.a; sourceTree = BUILT_PRODUCTS_DIR; };
		968776D021C85CC6CFB2F0B9 /* Pods.debug.xcconfig */ = {isa = PBXFileReference; includeInIndex = 1; lastKnownFileType = text.xcconfig; name = Pods.debug.xcconfig; path = "Pods/Target Support Files/Pods/Pods.debug.xcconfig"; sourceTree = "<group>"; };
		F354ECCAB2BF5EF0BBF98F2A /* Pods.release.xcconfig */ = {isa = PBXFileReference; includeInIndex = 1; lastKnownFileType = text.xcconfig; name = Pods.release.xcconfig; path = "Pods/Target Support Files/Pods/Pods.release.xcconfig"; sourceTree = "<group>"; };
/* End PBXFileReference section */

/* Begin PBXFrameworksBuildPhase section */
		333B60781B6A7F87003D5475 /* Frameworks */ = {
			isa = PBXFrameworksBuildPhase;
			buildActionMask = 2147483647;
			files = (
				333B63981B6A99D1003D5475 /* MapKit.framework in Frameworks */,
				99A7B52048D015BA9BB68FFC /* libPods.a in Frameworks */,
			);
			runOnlyForDeploymentPostprocessing = 0;
		};
		333B60911B6A7F87003D5475 /* Frameworks */ = {
			isa = PBXFrameworksBuildPhase;
			buildActionMask = 2147483647;
			files = (
			);
			runOnlyForDeploymentPostprocessing = 0;
		};
/* End PBXFrameworksBuildPhase section */

/* Begin PBXGroup section */
		1BAE4347C63BD9319B8C87D8 /* Frameworks */ = {
			isa = PBXGroup;
			children = (
				333B63971B6A99D1003D5475 /* MapKit.framework */,
				5160FB586796B0C599E150FC /* libPods.a */,
			);
			name = Frameworks;
			sourceTree = "<group>";
		};
		1D30E0D71B6B5BC00016268C /* CustomAnnotation */ = {
			isa = PBXGroup;
			children = (
				1D30E0D81B6B5BD00016268C /* CustomAnnotation.h */,
				1D30E0D91B6B5BD00016268C /* CustomAnnotation.m */,
			);
			name = CustomAnnotation;
			sourceTree = "<group>";
		};
		1D30E51C1B6B6D520016268C /* Classes */ = {
			isa = PBXGroup;
			children = (
				1D30E51D1B6B6D520016268C /* gen */,
			);
			path = Classes;
			sourceTree = "<group>";
		};
		1D30E51D1B6B6D520016268C /* gen */ = {
			isa = PBXGroup;
			children = (
				1D30E51E1B6B6D520016268C /* Base */,
				1D30E5231B6B6D520016268C /* Cache */,
				1D30E52F1B6B6D520016268C /* Logic */,
				1D30E5401B6B6D520016268C /* Model */,
			);
			path = gen;
			sourceTree = "<group>";
		};
		1D30E51E1B6B6D520016268C /* Base */ = {
			isa = PBXGroup;
			children = (
				1D30E51F1B6B6D520016268C /* BaseLogic.h */,
				1D30E5201B6B6D520016268C /* BaseLogic.m */,
				1D30E5211B6B6D520016268C /* LogicFilter.h */,
				1D30E5221B6B6D520016268C /* LogicFilter.m */,
			);
			path = Base;
			sourceTree = "<group>";
		};
		1D30E5231B6B6D520016268C /* Cache */ = {
			isa = PBXGroup;
			children = (
				1D30E5241B6B6D520016268C /* Cache.h */,
				1D30E5251B6B6D520016268C /* DummyCache.h */,
				1D30E5261B6B6D520016268C /* DummyCache.m */,
				1D30E5271B6B6D520016268C /* LimitedAgeMemoryCache.h */,
				1D30E5281B6B6D520016268C /* LimitedAgeMemoryCache.m */,
				1D30E5291B6B6D520016268C /* LimitedAgeUnlimitedDiskCache.h */,
				1D30E52A1B6B6D520016268C /* LimitedAgeUnlimitedDiskCache.m */,
				1D30E52B1B6B6D520016268C /* UnlimitedDiskCache.h */,
				1D30E52C1B6B6D520016268C /* UnlimitedDiskCache.m */,
				1D30E52D1B6B6D520016268C /* UnlimitedMemoryCache.h */,
				1D30E52E1B6B6D520016268C /* UnlimitedMemoryCache.m */,
			);
			path = Cache;
			sourceTree = "<group>";
		};
		1D30E52F1B6B6D520016268C /* Logic */ = {
			isa = PBXGroup;
			children = (
				1D30E5301B6B6D520016268C /* Base */,
				1D30E5351B6B6D520016268C /* GetDetailPOILogic.h */,
				1D30E5361B6B6D520016268C /* GetDetailPOILogic.m */,
				1D30E5371B6B6D520016268C /* GetPOILogic.h */,
				1D30E5381B6B6D520016268C /* GetPOILogic.m */,
				1D30E5391B6B6D520016268C /* MatisEvalHelper.h */,
				1D30E53A1B6B6D520016268C /* MatisEvalHelper.m */,
				1D30E53B1B6B6D520016268C /* Tasks */,
			);
			path = Logic;
			sourceTree = "<group>";
		};
		1D30E5301B6B6D520016268C /* Base */ = {
			isa = PBXGroup;
			children = (
				1D30E5311B6B6D520016268C /* BaseGetDetailPOILogic.h */,
				1D30E5321B6B6D520016268C /* BaseGetDetailPOILogic.m */,
				1D30E5331B6B6D520016268C /* BaseGetPOILogic.h */,
				1D30E5341B6B6D520016268C /* BaseGetPOILogic.m */,
			);
			path = Base;
			sourceTree = "<group>";
		};
		1D30E53B1B6B6D520016268C /* Tasks */ = {
			isa = PBXGroup;
			children = (
				1D30E53C1B6B6D520016268C /* GetDetailPOIActionTask.h */,
				1D30E53D1B6B6D520016268C /* GetDetailPOIActionTask.m */,
				1D30E53E1B6B6D520016268C /* GetPOIActionTask.h */,
				1D30E53F1B6B6D520016268C /* GetPOIActionTask.m */,
			);
			path = Tasks;
			sourceTree = "<group>";
		};
		1D30E5401B6B6D520016268C /* Model */ = {
			isa = PBXGroup;
			children = (
				1D30E5411B6B6D520016268C /* DAO */,
				1D30E54C1B6B6D520016268C /* DTO */,
			);
			path = Model;
			sourceTree = "<group>";
		};
		1D30E5411B6B6D520016268C /* DAO */ = {
			isa = PBXGroup;
			children = (
				1D30E5421B6B6D520016268C /* GetDetailPOIRequestDAO.h */,
				1D30E5431B6B6D520016268C /* GetDetailPOIRequestDAO.m */,
				1D30E5441B6B6D520016268C /* GetDetailPOIResponseDAO.h */,
				1D30E5451B6B6D520016268C /* GetDetailPOIResponseDAO.m */,
				1D30E5461B6B6D520016268C /* GetPOIDAO.h */,
				1D30E5471B6B6D520016268C /* GetPOIDAO.m */,
				1D30E5481B6B6D520016268C /* GetPOIRequestDAO.h */,
				1D30E5491B6B6D520016268C /* GetPOIRequestDAO.m */,
				1D30E54A1B6B6D520016268C /* GetPOIResponseDAO.h */,
				1D30E54B1B6B6D520016268C /* GetPOIResponseDAO.m */,
			);
			path = DAO;
			sourceTree = "<group>";
		};
		1D30E54C1B6B6D520016268C /* DTO */ = {
			isa = PBXGroup;
			children = (
				1D30E54D1B6B6D520016268C /* Base */,
				1D30E5581B6B6D520016268C /* GetDetailPOIRequestDTO.h */,
				1D30E5591B6B6D520016268C /* GetDetailPOIRequestDTO.m */,
				1D30E55A1B6B6D520016268C /* GetDetailPOIResponseDTO.h */,
				1D30E55B1B6B6D520016268C /* GetDetailPOIResponseDTO.m */,
				1D30E55C1B6B6D520016268C /* GetPOIDTO.h */,
				1D30E55D1B6B6D520016268C /* GetPOIDTO.m */,
				1D30E55E1B6B6D520016268C /* GetPOIRequestDTO.h */,
				1D30E55F1B6B6D520016268C /* GetPOIRequestDTO.m */,
				1D30E5601B6B6D520016268C /* GetPOIResponseDTO.h */,
				1D30E5611B6B6D520016268C /* GetPOIResponseDTO.m */,
			);
			path = DTO;
			sourceTree = "<group>";
		};
		1D30E54D1B6B6D520016268C /* Base */ = {
			isa = PBXGroup;
			children = (
				1D30E54E1B6B6D520016268C /* BaseGetDetailPOIRequestDTO.h */,
				1D30E54F1B6B6D520016268C /* BaseGetDetailPOIRequestDTO.m */,
				1D30E5501B6B6D520016268C /* BaseGetDetailPOIResponseDTO.h */,
				1D30E5511B6B6D520016268C /* BaseGetDetailPOIResponseDTO.m */,
				1D30E5521B6B6D520016268C /* BaseGetPOIDTO.h */,
				1D30E5531B6B6D520016268C /* BaseGetPOIDTO.m */,
				1D30E5541B6B6D520016268C /* BaseGetPOIRequestDTO.h */,
				1D30E5551B6B6D520016268C /* BaseGetPOIRequestDTO.m */,
				1D30E5561B6B6D520016268C /* BaseGetPOIResponseDTO.h */,
				1D30E5571B6B6D520016268C /* BaseGetPOIResponseDTO.m */,
			);
			path = Base;
			sourceTree = "<group>";
		};
		333B60721B6A7F87003D5475 = {
			isa = PBXGroup;
			children = (
				333B607D1B6A7F87003D5475 /* MatisEval */,
				333B60971B6A7F87003D5475 /* MatisEvalTests */,
				333B607C1B6A7F87003D5475 /* Products */,
				4DF714DE00F82DD69D10B090 /* Pods */,
				1BAE4347C63BD9319B8C87D8 /* Frameworks */,
			);
			sourceTree = "<group>";
		};
		333B607C1B6A7F87003D5475 /* Products */ = {
			isa = PBXGroup;
			children = (
				333B607B1B6A7F87003D5475 /* MatisEval.app */,
				333B60941B6A7F87003D5475 /* MatisEvalTests.xctest */,
			);
			name = Products;
			sourceTree = "<group>";
		};
		333B607D1B6A7F87003D5475 /* MatisEval */ = {
			isa = PBXGroup;
			children = (
				333B63801B6A97E7003D5475 /* Utils */,
				333B61851B6A88A8003D5475 /* Views */,
				333B60A71B6A81EC003D5475 /* API */,
				333B60821B6A7F87003D5475 /* AppDelegate.h */,
				333B60831B6A7F87003D5475 /* AppDelegate.m */,
				333B60881B6A7F87003D5475 /* Main.storyboard */,
				333B608B1B6A7F87003D5475 /* Images.xcassets */,
				333B608D1B6A7F87003D5475 /* LaunchScreen.xib */,
				333B607E1B6A7F87003D5475 /* Supporting Files */,
			);
			path = MatisEval;
			sourceTree = "<group>";
		};
		333B607E1B6A7F87003D5475 /* Supporting Files */ = {
			isa = PBXGroup;
			children = (
				333B607F1B6A7F87003D5475 /* Info.plist */,
				333B60801B6A7F87003D5475 /* main.m */,
			);
			name = "Supporting Files";
			sourceTree = "<group>";
		};
		333B60971B6A7F87003D5475 /* MatisEvalTests */ = {
			isa = PBXGroup;
			children = (
				333B609A1B6A7F87003D5475 /* MatisEvalTests.m */,
				333B60981B6A7F87003D5475 /* Supporting Files */,
			);
			path = MatisEvalTests;
			sourceTree = "<group>";
		};
		333B60981B6A7F87003D5475 /* Supporting Files */ = {
			isa = PBXGroup;
			children = (
				333B60991B6A7F87003D5475 /* Info.plist */,
			);
			name = "Supporting Files";
			sourceTree = "<group>";
		};
		333B60A71B6A81EC003D5475 /* API */ = {
			isa = PBXGroup;
			children = (
				1D30E51C1B6B6D520016268C /* Classes */,
				333B60F01B6A82E8003D5475 /* GenDefines.h */,
				333B60A51B6A817C003D5475 /* Matis.xml */,
				333B60F11B6A8375003D5475 /* DTOs */,
			);
			name = API;
			sourceTree = "<group>";
		};
		333B60F11B6A8375003D5475 /* DTOs */ = {
			isa = PBXGroup;
			children = (
				333B60F21B6A8395003D5475 /* PoiDTO.h */,
				333B60F31B6A8395003D5475 /* PoiDTO.m */,
			);
			name = DTOs;
			sourceTree = "<group>";
		};
		333B61851B6A88A8003D5475 /* Views */ = {
			isa = PBXGroup;
			children = (
				333B63871B6A9961003D5475 /* Detail */,
				333B63861B6A995D003D5475 /* List */,
				333B63851B6A9957003D5475 /* Map */,
				333B61861B6A88AC003D5475 /* Main */,
			);
			name = Views;
			sourceTree = "<group>";
		};
		333B61861B6A88AC003D5475 /* Main */ = {
			isa = PBXGroup;
			children = (
				333B618C1B6A88DC003D5475 /* MTMainController.h */,
				333B618D1B6A88DC003D5475 /* MTMainController.m */,
				333B618E1B6A88DC003D5475 /* MTMainController.xib */,
			);
			name = Main;
			sourceTree = "<group>";
		};
		333B63801B6A97E7003D5475 /* Utils */ = {
			isa = PBXGroup;
			children = (
				1D30E0D71B6B5BC00016268C /* CustomAnnotation */,
				333B63FC1B6A9C04003D5475 /* CustomCell */,
				333B63811B6A97ED003D5475 /* UIColor */,
			);
			name = Utils;
			sourceTree = "<group>";
		};
		333B63811B6A97ED003D5475 /* UIColor */ = {
			isa = PBXGroup;
			children = (
				333B63821B6A97F8003D5475 /* UIColor+MyColor.h */,
				333B63831B6A97F8003D5475 /* UIColor+MyColor.m */,
			);
			name = UIColor;
			sourceTree = "<group>";
		};
		333B63851B6A9957003D5475 /* Map */ = {
			isa = PBXGroup;
			children = (
				333B63881B6A9979003D5475 /* MTMapController.h */,
				333B63891B6A9979003D5475 /* MTMapController.m */,
				333B638A1B6A9979003D5475 /* MTMapController.xib */,
			);
			name = Map;
			sourceTree = "<group>";
		};
		333B63861B6A995D003D5475 /* List */ = {
			isa = PBXGroup;
			children = (
				333B638D1B6A9989003D5475 /* MTListController.h */,
				333B638E1B6A9989003D5475 /* MTListController.m */,
				333B638F1B6A9989003D5475 /* MTListController.xib */,
			);
			name = List;
			sourceTree = "<group>";
		};
		333B63871B6A9961003D5475 /* Detail */ = {
			isa = PBXGroup;
			children = (
				333B63921B6A999A003D5475 /* MTDetailController.h */,
				333B63931B6A999A003D5475 /* MTDetailController.m */,
				333B63941B6A999A003D5475 /* MTDetailController.xib */,
			);
			name = Detail;
			sourceTree = "<group>";
		};
		333B63FC1B6A9C04003D5475 /* CustomCell */ = {
			isa = PBXGroup;
			children = (
				333B63FD1B6A9C2B003D5475 /* CustomCell.h */,
				333B63FE1B6A9C2B003D5475 /* CustomCell.m */,
				333B63FF1B6A9C2B003D5475 /* CustomCell.xib */,
			);
			name = CustomCell;
			sourceTree = "<group>";
		};
		4DF714DE00F82DD69D10B090 /* Pods */ = {
			isa = PBXGroup;
			children = (
				968776D021C85CC6CFB2F0B9 /* Pods.debug.xcconfig */,
				F354ECCAB2BF5EF0BBF98F2A /* Pods.release.xcconfig */,
			);
			name = Pods;
			sourceTree = "<group>";
		};
/* End PBXGroup section */

/* Begin PBXNativeTarget section */
		333B607A1B6A7F87003D5475 /* MatisEval */ = {
			isa = PBXNativeTarget;
			buildConfigurationList = 333B609E1B6A7F87003D5475 /* Build configuration list for PBXNativeTarget "MatisEval" */;
			buildPhases = (
				F283F59E0AA0E22426B53FC9 /* Check Pods Manifest.lock */,
				333B60771B6A7F87003D5475 /* Sources */,
				333B60781B6A7F87003D5475 /* Frameworks */,
				333B60791B6A7F87003D5475 /* Resources */,
				F1007584E007352DAB8E17B6 /* Copy Pods Resources */,
			);
			buildRules = (
			);
			dependencies = (
			);
			name = MatisEval;
			productName = MatisEval;
			productReference = 333B607B1B6A7F87003D5475 /* MatisEval.app */;
			productType = "com.apple.product-type.application";
		};
		333B60931B6A7F87003D5475 /* MatisEvalTests */ = {
			isa = PBXNativeTarget;
			buildConfigurationList = 333B60A11B6A7F87003D5475 /* Build configuration list for PBXNativeTarget "MatisEvalTests" */;
			buildPhases = (
				333B60901B6A7F87003D5475 /* Sources */,
				333B60911B6A7F87003D5475 /* Frameworks */,
				333B60921B6A7F87003D5475 /* Resources */,
			);
			buildRules = (
			);
			dependencies = (
				333B60961B6A7F87003D5475 /* PBXTargetDependency */,
			);
			name = MatisEvalTests;
			productName = MatisEvalTests;
			productReference = 333B60941B6A7F87003D5475 /* MatisEvalTests.xctest */;
			productType = "com.apple.product-type.bundle.unit-test";
		};
/* End PBXNativeTarget section */

/* Begin PBXProject section */
		333B60731B6A7F87003D5475 /* Project object */ = {
			isa = PBXProject;
			attributes = {
				LastUpgradeCheck = 0640;
				ORGANIZATIONNAME = "Daniel Martin Jimenez";
				TargetAttributes = {
					333B607A1B6A7F87003D5475 = {
						CreatedOnToolsVersion = 6.4;
						SystemCapabilities = {
							com.apple.Maps.iOS = {
								enabled = 1;
							};
						};
					};
					333B60931B6A7F87003D5475 = {
						CreatedOnToolsVersion = 6.4;
						TestTargetID = 333B607A1B6A7F87003D5475;
					};
				};
			};
			buildConfigurationList = 333B60761B6A7F87003D5475 /* Build configuration list for PBXProject "MatisEval" */;
			compatibilityVersion = "Xcode 3.2";
			developmentRegion = English;
			hasScannedForEncodings = 0;
			knownRegions = (
				en,
				Base,
			);
			mainGroup = 333B60721B6A7F87003D5475;
			productRefGroup = 333B607C1B6A7F87003D5475 /* Products */;
			projectDirPath = "";
			projectRoot = "";
			targets = (
				333B607A1B6A7F87003D5475 /* MatisEval */,
				333B60931B6A7F87003D5475 /* MatisEvalTests */,
			);
		};
/* End PBXProject section */

/* Begin PBXResourcesBuildPhase section */
		333B60791B6A7F87003D5475 /* Resources */ = {
			isa = PBXResourcesBuildPhase;
			buildActionMask = 2147483647;
			files = (
				333B608A1B6A7F87003D5475 /* Main.storyboard in Resources */,
				333B608F1B6A7F87003D5475 /* LaunchScreen.xib in Resources */,
				333B60A61B6A817C003D5475 /* Matis.xml in Resources */,
				333B63911B6A9989003D5475 /* MTListController.xib in Resources */,
				333B638C1B6A9979003D5475 /* MTMapController.xib in Resources */,
				333B61901B6A88DC003D5475 /* MTMainController.xib in Resources */,
				333B64011B6A9C2B003D5475 /* CustomCell.xib in Resources */,
				333B608C1B6A7F87003D5475 /* Images.xcassets in Resources */,
				333B63961B6A999A003D5475 /* MTDetailController.xib in Resources */,
			);
			runOnlyForDeploymentPostprocessing = 0;
		};
		333B60921B6A7F87003D5475 /* Resources */ = {
			isa = PBXResourcesBuildPhase;
			buildActionMask = 2147483647;
			files = (
			);
			runOnlyForDeploymentPostprocessing = 0;
		};
/* End PBXResourcesBuildPhase section */

/* Begin PBXShellScriptBuildPhase section */
		F1007584E007352DAB8E17B6 /* Copy Pods Resources */ = {
			isa = PBXShellScriptBuildPhase;
			buildActionMask = 2147483647;
			files = (
			);
			inputPaths = (
			);
			name = "Copy Pods Resources";
			outputPaths = (
			);
			runOnlyForDeploymentPostprocessing = 0;
			shellPath = /bin/sh;
			shellScript = "\"${SRCROOT}/Pods/Target Support Files/Pods/Pods-resources.sh\"\n";
			showEnvVarsInLog = 0;
		};
		F283F59E0AA0E22426B53FC9 /* Check Pods Manifest.lock */ = {
			isa = PBXShellScriptBuildPhase;
			buildActionMask = 2147483647;
			files = (
			);
			inputPaths = (
			);
			name = "Check Pods Manifest.lock";
			outputPaths = (
			);
			runOnlyForDeploymentPostprocessing = 0;
			shellPath = /bin/sh;
			shellScript = "diff \"${PODS_ROOT}/../Podfile.lock\" \"${PODS_ROOT}/Manifest.lock\" > /dev/null\nif [[ $? != 0 ]] ; then\n    cat << EOM\nerror: The sandbox is not in sync with the Podfile.lock. Run 'pod install' or update your CocoaPods installation.\nEOM\n    exit 1\nfi\n";
			showEnvVarsInLog = 0;
		};
/* End PBXShellScriptBuildPhase section */

/* Begin PBXSourcesBuildPhase section */
		333B60771B6A7F87003D5475 /* Sources */ = {
			isa = PBXSourcesBuildPhase;
			buildActionMask = 2147483647;
			files = (
				1D30E57E1B6B6D520016268C /* GetPOIResponseDTO.m in Sources */,
				1D30E5711B6B6D520016268C /* GetDetailPOIResponseDAO.m in Sources */,
				1D30E5631B6B6D520016268C /* LogicFilter.m in Sources */,
				1D30E57A1B6B6D520016268C /* GetDetailPOIRequestDTO.m in Sources */,
				333B60841B6A7F87003D5475 /* AppDelegate.m in Sources */,
				333B60F41B6A8395003D5475 /* PoiDTO.m in Sources */,
				1D30E5781B6B6D520016268C /* BaseGetPOIRequestDTO.m in Sources */,
				1D30E5791B6B6D520016268C /* BaseGetPOIResponseDTO.m in Sources */,
				1D30E56B1B6B6D520016268C /* GetDetailPOILogic.m in Sources */,
				1D30E5621B6B6D520016268C /* BaseLogic.m in Sources */,
				1D30E5731B6B6D520016268C /* GetPOIRequestDAO.m in Sources */,
				1D30E5661B6B6D520016268C /* LimitedAgeUnlimitedDiskCache.m in Sources */,
				1D30E57C1B6B6D520016268C /* GetPOIDTO.m in Sources */,
				1D30E56C1B6B6D520016268C /* GetPOILogic.m in Sources */,
				1D30E5741B6B6D520016268C /* GetPOIResponseDAO.m in Sources */,
				1D30E5651B6B6D520016268C /* LimitedAgeMemoryCache.m in Sources */,
				1D30E5701B6B6D520016268C /* GetDetailPOIRequestDAO.m in Sources */,
				333B618F1B6A88DC003D5475 /* MTMainController.m in Sources */,
				1D30E56E1B6B6D520016268C /* GetDetailPOIActionTask.m in Sources */,
				333B638B1B6A9979003D5475 /* MTMapController.m in Sources */,
				1D30E5641B6B6D520016268C /* DummyCache.m in Sources */,
				1D30E5671B6B6D520016268C /* UnlimitedDiskCache.m in Sources */,
				333B63841B6A97F8003D5475 /* UIColor+MyColor.m in Sources */,
				1D30E57B1B6B6D520016268C /* GetDetailPOIResponseDTO.m in Sources */,
				1D30E5721B6B6D520016268C /* GetPOIDAO.m in Sources */,
				1D30E5751B6B6D520016268C /* BaseGetDetailPOIRequestDTO.m in Sources */,
				1D30E5771B6B6D520016268C /* BaseGetPOIDTO.m in Sources */,
				1D30E0DA1B6B5BD00016268C /* CustomAnnotation.m in Sources */,
				1D30E5691B6B6D520016268C /* BaseGetDetailPOILogic.m in Sources */,
				1D30E56A1B6B6D520016268C /* BaseGetPOILogic.m in Sources */,
				1D30E56D1B6B6D520016268C /* MatisEvalHelper.m in Sources */,
				1D30E5761B6B6D520016268C /* BaseGetDetailPOIResponseDTO.m in Sources */,
				333B63901B6A9989003D5475 /* MTListController.m in Sources */,
				1D30E5681B6B6D520016268C /* UnlimitedMemoryCache.m in Sources */,
				333B60811B6A7F87003D5475 /* main.m in Sources */,
				333B63951B6A999A003D5475 /* MTDetailController.m in Sources */,
				1D30E56F1B6B6D520016268C /* GetPOIActionTask.m in Sources */,
				333B64001B6A9C2B003D5475 /* CustomCell.m in Sources */,
				1D30E57D1B6B6D520016268C /* GetPOIRequestDTO.m in Sources */,
			);
			runOnlyForDeploymentPostprocessing = 0;
		};
		333B60901B6A7F87003D5475 /* Sources */ = {
			isa = PBXSourcesBuildPhase;
			buildActionMask = 2147483647;
			files = (
				333B609B1B6A7F87003D5475 /* MatisEvalTests.m in Sources */,
			);
			runOnlyForDeploymentPostprocessing = 0;
		};
/* End PBXSourcesBuildPhase section */

/* Begin PBXTargetDependency section */
		333B60961B6A7F87003D5475 /* PBXTargetDependency */ = {
			isa = PBXTargetDependency;
			target = 333B607A1B6A7F87003D5475 /* MatisEval */;
			targetProxy = 333B60951B6A7F87003D5475 /* PBXContainerItemProxy */;
		};
/* End PBXTargetDependency section */

/* Begin PBXVariantGroup section */
		333B60881B6A7F87003D5475 /* Main.storyboard */ = {
			isa = PBXVariantGroup;
			children = (
				333B60891B6A7F87003D5475 /* Base */,
			);
			name = Main.storyboard;
			sourceTree = "<group>";
		};
		333B608D1B6A7F87003D5475 /* LaunchScreen.xib */ = {
			isa = PBXVariantGroup;
			children = (
				333B608E1B6A7F87003D5475 /* Base */,
			);
			name = LaunchScreen.xib;
			sourceTree = "<group>";
		};
/* End PBXVariantGroup section */

/* Begin XCBuildConfiguration section */
		333B609C1B6A7F87003D5475 /* Debug */ = {
			isa = XCBuildConfiguration;
			buildSettings = {
				ALWAYS_SEARCH_USER_PATHS = NO;
				CLANG_CXX_LANGUAGE_STANDARD = "gnu++0x";
				CLANG_CXX_LIBRARY = "libc++";
				CLANG_ENABLE_MODULES = YES;
				CLANG_ENABLE_OBJC_ARC = YES;
				CLANG_WARN_BOOL_CONVERSION = YES;
				CLANG_WARN_CONSTANT_CONVERSION = YES;
				CLANG_WARN_DIRECT_OBJC_ISA_USAGE = YES_ERROR;
				CLANG_WARN_EMPTY_BODY = YES;
				CLANG_WARN_ENUM_CONVERSION = YES;
				CLANG_WARN_INT_CONVERSION = YES;
				CLANG_WARN_OBJC_ROOT_CLASS = YES_ERROR;
				CLANG_WARN_UNREACHABLE_CODE = YES;
				CLANG_WARN__DUPLICATE_METHOD_MATCH = YES;
				"CODE_SIGN_IDENTITY[sdk=iphoneos*]" = "iPhone Developer";
				COPY_PHASE_STRIP = NO;
				DEBUG_INFORMATION_FORMAT = "dwarf-with-dsym";
				ENABLE_STRICT_OBJC_MSGSEND = YES;
				GCC_C_LANGUAGE_STANDARD = gnu99;
				GCC_DYNAMIC_NO_PIC = NO;
				GCC_NO_COMMON_BLOCKS = YES;
				GCC_OPTIMIZATION_LEVEL = 0;
				GCC_PREPROCESSOR_DEFINITIONS = (
					"DEBUG=1",
					"$(inherited)",
				);
				GCC_SYMBOLS_PRIVATE_EXTERN = NO;
				GCC_WARN_64_TO_32_BIT_CONVERSION = YES;
				GCC_WARN_ABOUT_RETURN_TYPE = YES_ERROR;
				GCC_WARN_UNDECLARED_SELECTOR = YES;
				GCC_WARN_UNINITIALIZED_AUTOS = YES_AGGRESSIVE;
				GCC_WARN_UNUSED_FUNCTION = YES;
				GCC_WARN_UNUSED_VARIABLE = YES;
				IPHONEOS_DEPLOYMENT_TARGET = 8.4;
				MTL_ENABLE_DEBUG_INFO = YES;
				ONLY_ACTIVE_ARCH = YES;
				SDKROOT = iphoneos;
			};
			name = Debug;
		};
		333B609D1B6A7F87003D5475 /* Release */ = {
			isa = XCBuildConfiguration;
			buildSettings = {
				ALWAYS_SEARCH_USER_PATHS = NO;
				CLANG_CXX_LANGUAGE_STANDARD = "gnu++0x";
				CLANG_CXX_LIBRARY = "libc++";
				CLANG_ENABLE_MODULES = YES;
				CLANG_ENABLE_OBJC_ARC = YES;
				CLANG_WARN_BOOL_CONVERSION = YES;
				CLANG_WARN_CONSTANT_CONVERSION = YES;
				CLANG_WARN_DIRECT_OBJC_ISA_USAGE = YES_ERROR;
				CLANG_WARN_EMPTY_BODY = YES;
				CLANG_WARN_ENUM_CONVERSION = YES;
				CLANG_WARN_INT_CONVERSION = YES;
				CLANG_WARN_OBJC_ROOT_CLASS = YES_ERROR;
				CLANG_WARN_UNREACHABLE_CODE = YES;
				CLANG_WARN__DUPLICATE_METHOD_MATCH = YES;
				"CODE_SIGN_IDENTITY[sdk=iphoneos*]" = "iPhone Developer";
				COPY_PHASE_STRIP = NO;
				DEBUG_INFORMATION_FORMAT = "dwarf-with-dsym";
				ENABLE_NS_ASSERTIONS = NO;
				ENABLE_STRICT_OBJC_MSGSEND = YES;
				GCC_C_LANGUAGE_STANDARD = gnu99;
				GCC_NO_COMMON_BLOCKS = YES;
				GCC_WARN_64_TO_32_BIT_CONVERSION = YES;
				GCC_WARN_ABOUT_RETURN_TYPE = YES_ERROR;
				GCC_WARN_UNDECLARED_SELECTOR = YES;
				GCC_WARN_UNINITIALIZED_AUTOS = YES_AGGRESSIVE;
				GCC_WARN_UNUSED_FUNCTION = YES;
				GCC_WARN_UNUSED_VARIABLE = YES;
				IPHONEOS_DEPLOYMENT_TARGET = 8.4;
				MTL_ENABLE_DEBUG_INFO = NO;
				SDKROOT = iphoneos;
				VALIDATE_PRODUCT = YES;
			};
			name = Release;
		};
		333B609F1B6A7F87003D5475 /* Debug */ = {
			isa = XCBuildConfiguration;
			baseConfigurationReference = 968776D021C85CC6CFB2F0B9 /* Pods.debug.xcconfig */;
			buildSettings = {
				ASSETCATALOG_COMPILER_APPICON_NAME = AppIcon;
				INFOPLIST_FILE = MatisEval/Info.plist;
				LD_RUNPATH_SEARCH_PATHS = "$(inherited) @executable_path/Frameworks";
				PRODUCT_NAME = "$(TARGET_NAME)";
			};
			name = Debug;
		};
		333B60A01B6A7F87003D5475 /* Release */ = {
			isa = XCBuildConfiguration;
			baseConfigurationReference = F354ECCAB2BF5EF0BBF98F2A /* Pods.release.xcconfig */;
			buildSettings = {
				ASSETCATALOG_COMPILER_APPICON_NAME = AppIcon;
				INFOPLIST_FILE = MatisEval/Info.plist;
				LD_RUNPATH_SEARCH_PATHS = "$(inherited) @executable_path/Frameworks";
				PRODUCT_NAME = "$(TARGET_NAME)";
			};
			name = Release;
		};
		333B60A21B6A7F87003D5475 /* Debug */ = {
			isa = XCBuildConfiguration;
			buildSettings = {
				BUNDLE_LOADER = "$(TEST_HOST)";
				FRAMEWORK_SEARCH_PATHS = (
					"$(SDKROOT)/Developer/Library/Frameworks",
					"$(inherited)",
				);
				GCC_PREPROCESSOR_DEFINITIONS = (
					"DEBUG=1",
					"$(inherited)",
				);
				INFOPLIST_FILE = MatisEvalTests/Info.plist;
				LD_RUNPATH_SEARCH_PATHS = "$(inherited) @executable_path/Frameworks @loader_path/Frameworks";
				PRODUCT_NAME = "$(TARGET_NAME)";
				TEST_HOST = "$(BUILT_PRODUCTS_DIR)/MatisEval.app/MatisEval";
			};
			name = Debug;
		};
		333B60A31B6A7F87003D5475 /* Release */ = {
			isa = XCBuildConfiguration;
			buildSettings = {
				BUNDLE_LOADER = "$(TEST_HOST)";
				FRAMEWORK_SEARCH_PATHS = (
					"$(SDKROOT)/Developer/Library/Frameworks",
					"$(inherited)",
				);
				INFOPLIST_FILE = MatisEvalTests/Info.plist;
				LD_RUNPATH_SEARCH_PATHS = "$(inherited) @executable_path/Frameworks @loader_path/Frameworks";
				PRODUCT_NAME = "$(TARGET_NAME)";
				TEST_HOST = "$(BUILT_PRODUCTS_DIR)/MatisEval.app/MatisEval";
			};
			name = Release;
		};
/* End XCBuildConfiguration section */

/* Begin XCConfigurationList section */
		333B60761B6A7F87003D5475 /* Build configuration list for PBXProject "MatisEval" */ = {
			isa = XCConfigurationList;
			buildConfigurations = (
				333B609C1B6A7F87003D5475 /* Debug */,
				333B609D1B6A7F87003D5475 /* Release */,
			);
			defaultConfigurationIsVisible = 0;
			defaultConfigurationName = Release;
		};
		333B609E1B6A7F87003D5475 /* Build configuration list for PBXNativeTarget "MatisEval" */ = {
			isa = XCConfigurationList;
			buildConfigurations = (
				333B609F1B6A7F87003D5475 /* Debug */,
				333B60A01B6A7F87003D5475 /* Release */,
			);
			defaultConfigurationIsVisible = 0;
			defaultConfigurationName = Release;
		};
		333B60A11B6A7F87003D5475 /* Build configuration list for PBXNativeTarget "MatisEvalTests" */ = {
			isa = XCConfigurationList;
			buildConfigurations = (
				333B60A21B6A7F87003D5475 /* Debug */,
				333B60A31B6A7F87003D5475 /* Release */,
			);
			defaultConfigurationIsVisible = 0;
			defaultConfigurationName = Release;
		};
/* End XCConfigurationList section */
	};
	rootObject = 333B60731B6A7F87003D5475 /* Project object */;
}
